// !$*UTF8*$!
{
	archiveVersion = 1;
	classes = {
	};
	objectVersion = 46;
	objects = {

/* Begin PBXBuildFile section */
		1A0E3B961B11047E001EADA8 /* AppDelegate.swift in Sources */ = {isa = PBXBuildFile; fileRef = 1A0E3B951B11047E001EADA8 /* AppDelegate.swift */; };
		1A0E3B981B11047E001EADA8 /* MainViewController.swift in Sources */ = {isa = PBXBuildFile; fileRef = 1A0E3B971B11047E001EADA8 /* MainViewController.swift */; };
		1A0E3B9B1B11047E001EADA8 /* Main.storyboard in Resources */ = {isa = PBXBuildFile; fileRef = 1A0E3B991B11047E001EADA8 /* Main.storyboard */; };
		1A0E3B9D1B11047E001EADA8 /* Images.xcassets in Resources */ = {isa = PBXBuildFile; fileRef = 1A0E3B9C1B11047E001EADA8 /* Images.xcassets */; };
		1A0E3BA01B11047E001EADA8 /* LaunchScreen.xib in Resources */ = {isa = PBXBuildFile; fileRef = 1A0E3B9E1B11047E001EADA8 /* LaunchScreen.xib */; };
		1A0E3BAC1B11047E001EADA8 /* LCBKnowAppTests.swift in Sources */ = {isa = PBXBuildFile; fileRef = 1A0E3BAB1B11047E001EADA8 /* LCBKnowAppTests.swift */; };
		1A0E3BB61B11052B001EADA8 /* MapKit.framework in Frameworks */ = {isa = PBXBuildFile; fileRef = 1A0E3BB51B11052B001EADA8 /* MapKit.framework */; };
		1A0E3BBD1B1105F0001EADA8 /* SWRevealViewController.m in Sources */ = {isa = PBXBuildFile; fileRef = 1A0E3BBC1B1105F0001EADA8 /* SWRevealViewController.m */; };
		1A0E3BBF1B111316001EADA8 /* LocationsTableViewController.swift in Sources */ = {isa = PBXBuildFile; fileRef = 1A0E3BBE1B111316001EADA8 /* LocationsTableViewController.swift */; };
		1A0E3BC11B113C15001EADA8 /* MenuController.swift in Sources */ = {isa = PBXBuildFile; fileRef = 1A0E3BC01B113C15001EADA8 /* MenuController.swift */; };
		AD4E3274FAE3E01475250258 /* Pods.framework in Frameworks */ = {isa = PBXBuildFile; fileRef = 553B5AB0552E750242470FCE /* Pods.framework */; settings = {ATTRIBUTES = (Weak, ); }; };
/* End PBXBuildFile section */

/* Begin PBXContainerItemProxy section */
		1A0E3BA61B11047E001EADA8 /* PBXContainerItemProxy */ = {
			isa = PBXContainerItemProxy;
			containerPortal = 1A0E3B881B11047E001EADA8 /* Project object */;
			proxyType = 1;
			remoteGlobalIDString = 1A0E3B8F1B11047E001EADA8;
			remoteInfo = LCBKnowApp;
		};
/* End PBXContainerItemProxy section */

/* Begin PBXFileReference section */
		1A0E3B901B11047E001EADA8 /* LCBKnowApp.app */ = {isa = PBXFileReference; explicitFileType = wrapper.application; includeInIndex = 0; path = LCBKnowApp.app; sourceTree = BUILT_PRODUCTS_DIR; };
		1A0E3B941B11047E001EADA8 /* Info.plist */ = {isa = PBXFileReference; lastKnownFileType = text.plist.xml; path = Info.plist; sourceTree = "<group>"; };
		1A0E3B951B11047E001EADA8 /* AppDelegate.swift */ = {isa = PBXFileReference; lastKnownFileType = sourcecode.swift; path = AppDelegate.swift; sourceTree = "<group>"; };
		1A0E3B971B11047E001EADA8 /* MainViewController.swift */ = {isa = PBXFileReference; lastKnownFileType = sourcecode.swift; path = MainViewController.swift; sourceTree = "<group>"; };
		1A0E3B9A1B11047E001EADA8 /* Base */ = {isa = PBXFileReference; lastKnownFileType = file.storyboard; name = Base; path = Base.lproj/Main.storyboard; sourceTree = "<group>"; };
		1A0E3B9C1B11047E001EADA8 /* Images.xcassets */ = {isa = PBXFileReference; lastKnownFileType = folder.assetcatalog; path = Images.xcassets; sourceTree = "<group>"; };
		1A0E3B9F1B11047E001EADA8 /* Base */ = {isa = PBXFileReference; lastKnownFileType = file.xib; name = Base; path = Base.lproj/LaunchScreen.xib; sourceTree = "<group>"; };
		1A0E3BA51B11047E001EADA8 /* LCBKnowAppTests.xctest */ = {isa = PBXFileReference; explicitFileType = wrapper.cfbundle; includeInIndex = 0; path = LCBKnowAppTests.xctest; sourceTree = BUILT_PRODUCTS_DIR; };
		1A0E3BAA1B11047E001EADA8 /* Info.plist */ = {isa = PBXFileReference; lastKnownFileType = text.plist.xml; path = Info.plist; sourceTree = "<group>"; };
		1A0E3BAB1B11047E001EADA8 /* LCBKnowAppTests.swift */ = {isa = PBXFileReference; lastKnownFileType = sourcecode.swift; path = LCBKnowAppTests.swift; sourceTree = "<group>"; };
		1A0E3BB51B11052B001EADA8 /* MapKit.framework */ = {isa = PBXFileReference; lastKnownFileType = wrapper.framework; name = MapKit.framework; path = System/Library/Frameworks/MapKit.framework; sourceTree = SDKROOT; };
		1A0E3BBA1B1105EF001EADA8 /* LCBKnowApp-Bridging-Header.h */ = {isa = PBXFileReference; lastKnownFileType = sourcecode.c.h; path = "LCBKnowApp-Bridging-Header.h"; sourceTree = "<group>"; };
		1A0E3BBB1B1105F0001EADA8 /* SWRevealViewController.h */ = {isa = PBXFileReference; fileEncoding = 4; lastKnownFileType = sourcecode.c.h; path = SWRevealViewController.h; sourceTree = "<group>"; };
		1A0E3BBC1B1105F0001EADA8 /* SWRevealViewController.m */ = {isa = PBXFileReference; fileEncoding = 4; lastKnownFileType = sourcecode.c.objc; path = SWRevealViewController.m; sourceTree = "<group>"; };
		1A0E3BBE1B111316001EADA8 /* LocationsTableViewController.swift */ = {isa = PBXFileReference; fileEncoding = 4; lastKnownFileType = sourcecode.swift; path = LocationsTableViewController.swift; sourceTree = "<group>"; };
		1A0E3BC01B113C15001EADA8 /* MenuController.swift */ = {isa = PBXFileReference; fileEncoding = 4; lastKnownFileType = sourcecode.swift; path = MenuController.swift; sourceTree = "<group>"; };
		553B5AB0552E750242470FCE /* Pods.framework */ = {isa = PBXFileReference; explicitFileType = wrapper.framework; includeInIndex = 0; path = Pods.framework; sourceTree = BUILT_PRODUCTS_DIR; };
		7621E8C3341F50220DAE0DE5 /* Pods.debug.xcconfig */ = {isa = PBXFileReference; includeInIndex = 1; lastKnownFileType = text.xcconfig; name = Pods.debug.xcconfig; path = "Pods/Target Support Files/Pods/Pods.debug.xcconfig"; sourceTree = "<group>"; };
		867CC4B56D643725126930E2 /* Pods.release.xcconfig */ = {isa = PBXFileReference; includeInIndex = 1; lastKnownFileType = text.xcconfig; name = Pods.release.xcconfig; path = "Pods/Target Support Files/Pods/Pods.release.xcconfig"; sourceTree = "<group>"; };
/* End PBXFileReference section */

/* Begin PBXFrameworksBuildPhase section */
		1A0E3B8D1B11047E001EADA8 /* Frameworks */ = {
			isa = PBXFrameworksBuildPhase;
			buildActionMask = 2147483647;
			files = (
				1A0E3BB61B11052B001EADA8 /* MapKit.framework in Frameworks */,
				AD4E3274FAE3E01475250258 /* Pods.framework in Frameworks */,
			);
			runOnlyForDeploymentPostprocessing = 0;
		};
		1A0E3BA21B11047E001EADA8 /* Frameworks */ = {
			isa = PBXFrameworksBuildPhase;
			buildActionMask = 2147483647;
			files = (
			);
			runOnlyForDeploymentPostprocessing = 0;
		};
/* End PBXFrameworksBuildPhase section */

/* Begin PBXGroup section */
		1A0E3B871B11047E001EADA8 = {
			isa = PBXGroup;
			children = (
				1A0E3BB51B11052B001EADA8 /* MapKit.framework */,
				1A0E3B921B11047E001EADA8 /* LCBKnowApp */,
				1A0E3BA81B11047E001EADA8 /* LCBKnowAppTests */,
				1A0E3B911B11047E001EADA8 /* Products */,
				E9942E436048E08A3801C9B4 /* Pods */,
				6DBC2CDBBFD2C471EF04F61B /* Frameworks */,
			);
			sourceTree = "<group>";
		};
		1A0E3B911B11047E001EADA8 /* Products */ = {
			isa = PBXGroup;
			children = (
				1A0E3B901B11047E001EADA8 /* LCBKnowApp.app */,
				1A0E3BA51B11047E001EADA8 /* LCBKnowAppTests.xctest */,
			);
			name = Products;
			sourceTree = "<group>";
		};
		1A0E3B921B11047E001EADA8 /* LCBKnowApp */ = {
			isa = PBXGroup;
			children = (
				1A0E3BB81B110549001EADA8 /* Controllers */,
				1A0E3BB71B11053D001EADA8 /* Models */,
				1A0E3B951B11047E001EADA8 /* AppDelegate.swift */,
				1A0E3B991B11047E001EADA8 /* Main.storyboard */,
				1A0E3B9C1B11047E001EADA8 /* Images.xcassets */,
				1A0E3B9E1B11047E001EADA8 /* LaunchScreen.xib */,
				1A0E3B931B11047E001EADA8 /* Supporting Files */,
			);
			path = LCBKnowApp;
			sourceTree = "<group>";
		};
		1A0E3B931B11047E001EADA8 /* Supporting Files */ = {
			isa = PBXGroup;
			children = (
				1A0E3B941B11047E001EADA8 /* Info.plist */,
			);
			name = "Supporting Files";
			sourceTree = "<group>";
		};
		1A0E3BA81B11047E001EADA8 /* LCBKnowAppTests */ = {
			isa = PBXGroup;
			children = (
				1A0E3BAB1B11047E001EADA8 /* LCBKnowAppTests.swift */,
				1A0E3BA91B11047E001EADA8 /* Supporting Files */,
			);
			path = LCBKnowAppTests;
			sourceTree = "<group>";
		};
		1A0E3BA91B11047E001EADA8 /* Supporting Files */ = {
			isa = PBXGroup;
			children = (
				1A0E3BAA1B11047E001EADA8 /* Info.plist */,
			);
			name = "Supporting Files";
			sourceTree = "<group>";
		};
		1A0E3BB71B11053D001EADA8 /* Models */ = {
			isa = PBXGroup;
			children = (
			);
			name = Models;
			path = ..;
			sourceTree = "<group>";
		};
		1A0E3BB81B110549001EADA8 /* Controllers */ = {
			isa = PBXGroup;
			children = (
				1A0E3BB91B1105D4001EADA8 /* SWRevealViewController */,
				1A0E3BC01B113C15001EADA8 /* MenuController.swift */,
				1A0E3BBE1B111316001EADA8 /* LocationsTableViewController.swift */,
				1A0E3B971B11047E001EADA8 /* MainViewController.swift */,
			);
			name = Controllers;
			sourceTree = "<group>";
		};
		1A0E3BB91B1105D4001EADA8 /* SWRevealViewController */ = {
			isa = PBXGroup;
			children = (
				1A0E3BBB1B1105F0001EADA8 /* SWRevealViewController.h */,
				1A0E3BBC1B1105F0001EADA8 /* SWRevealViewController.m */,
				1A0E3BBA1B1105EF001EADA8 /* LCBKnowApp-Bridging-Header.h */,
			);
			name = SWRevealViewController;
			sourceTree = "<group>";
		};
		6DBC2CDBBFD2C471EF04F61B /* Frameworks */ = {
			isa = PBXGroup;
			children = (
				553B5AB0552E750242470FCE /* Pods.framework */,
			);
			name = Frameworks;
			sourceTree = "<group>";
		};
		E9942E436048E08A3801C9B4 /* Pods */ = {
			isa = PBXGroup;
			children = (
				7621E8C3341F50220DAE0DE5 /* Pods.debug.xcconfig */,
				867CC4B56D643725126930E2 /* Pods.release.xcconfig */,
			);
			name = Pods;
			sourceTree = "<group>";
		};
/* End PBXGroup section */

/* Begin PBXNativeTarget section */
		1A0E3B8F1B11047E001EADA8 /* LCBKnowApp */ = {
			isa = PBXNativeTarget;
			buildConfigurationList = 1A0E3BAF1B11047E001EADA8 /* Build configuration list for PBXNativeTarget "LCBKnowApp" */;
			buildPhases = (
				AE9E92A381EFC86888EE07DA /* Check Pods Manifest.lock */,
				1A0E3B8C1B11047E001EADA8 /* Sources */,
				1A0E3B8D1B11047E001EADA8 /* Frameworks */,
				1A0E3B8E1B11047E001EADA8 /* Resources */,
				BCD677577A5D7B0FA0B62D98 /* Embed Pods Frameworks */,
				82D126E1F1C70E98778AF69B /* Copy Pods Resources */,
			);
			buildRules = (
			);
			dependencies = (
			);
			name = LCBKnowApp;
			productName = LCBKnowApp;
			productReference = 1A0E3B901B11047E001EADA8 /* LCBKnowApp.app */;
			productType = "com.apple.product-type.application";
		};
		1A0E3BA41B11047E001EADA8 /* LCBKnowAppTests */ = {
			isa = PBXNativeTarget;
			buildConfigurationList = 1A0E3BB21B11047E001EADA8 /* Build configuration list for PBXNativeTarget "LCBKnowAppTests" */;
			buildPhases = (
				1A0E3BA11B11047E001EADA8 /* Sources */,
				1A0E3BA21B11047E001EADA8 /* Frameworks */,
				1A0E3BA31B11047E001EADA8 /* Resources */,
			);
			buildRules = (
			);
			dependencies = (
				1A0E3BA71B11047E001EADA8 /* PBXTargetDependency */,
			);
			name = LCBKnowAppTests;
			productName = LCBKnowAppTests;
			productReference = 1A0E3BA51B11047E001EADA8 /* LCBKnowAppTests.xctest */;
			productType = "com.apple.product-type.bundle.unit-test";
		};
/* End PBXNativeTarget section */

/* Begin PBXProject section */
		1A0E3B881B11047E001EADA8 /* Project object */ = {
			isa = PBXProject;
			attributes = {
				LastUpgradeCheck = 0630;
				ORGANIZATIONNAME = "Yung Dai";
				TargetAttributes = {
					1A0E3B8F1B11047E001EADA8 = {
						CreatedOnToolsVersion = 6.3.2;
					};
					1A0E3BA41B11047E001EADA8 = {
						CreatedOnToolsVersion = 6.3.2;
						TestTargetID = 1A0E3B8F1B11047E001EADA8;
					};
				};
			};
			buildConfigurationList = 1A0E3B8B1B11047E001EADA8 /* Build configuration list for PBXProject "LCBKnowApp" */;
			compatibilityVersion = "Xcode 3.2";
			developmentRegion = English;
			hasScannedForEncodings = 0;
			knownRegions = (
				en,
				Base,
			);
			mainGroup = 1A0E3B871B11047E001EADA8;
			productRefGroup = 1A0E3B911B11047E001EADA8 /* Products */;
			projectDirPath = "";
			projectRoot = "";
			targets = (
				1A0E3B8F1B11047E001EADA8 /* LCBKnowApp */,
				1A0E3BA41B11047E001EADA8 /* LCBKnowAppTests */,
			);
		};
/* End PBXProject section */

/* Begin PBXResourcesBuildPhase section */
		1A0E3B8E1B11047E001EADA8 /* Resources */ = {
			isa = PBXResourcesBuildPhase;
			buildActionMask = 2147483647;
			files = (
				1A0E3B9B1B11047E001EADA8 /* Main.storyboard in Resources */,
				1A0E3BA01B11047E001EADA8 /* LaunchScreen.xib in Resources */,
				1A0E3B9D1B11047E001EADA8 /* Images.xcassets in Resources */,
			);
			runOnlyForDeploymentPostprocessing = 0;
		};
		1A0E3BA31B11047E001EADA8 /* Resources */ = {
			isa = PBXResourcesBuildPhase;
			buildActionMask = 2147483647;
			files = (
			);
			runOnlyForDeploymentPostprocessing = 0;
		};
/* End PBXResourcesBuildPhase section */

/* Begin PBXShellScriptBuildPhase section */
		82D126E1F1C70E98778AF69B /* Copy Pods Resources */ = {
			isa = PBXShellScriptBuildPhase;
			buildActionMask = 2147483647;
			files = (
			);
			inputPaths = (
			);
			name = "Copy Pods Resources";
			outputPaths = (
			);
			runOnlyForDeploymentPostprocessing = 0;
			shellPath = /bin/sh;
			shellScript = "\"${SRCROOT}/Pods/Target Support Files/Pods/Pods-resources.sh\"\n";
			showEnvVarsInLog = 0;
		};
		AE9E92A381EFC86888EE07DA /* Check Pods Manifest.lock */ = {
			isa = PBXShellScriptBuildPhase;
			buildActionMask = 2147483647;
			files = (
			);
			inputPaths = (
			);
			name = "Check Pods Manifest.lock";
			outputPaths = (
			);
			runOnlyForDeploymentPostprocessing = 0;
			shellPath = /bin/sh;
			shellScript = "diff \"${PODS_ROOT}/../Podfile.lock\" \"${PODS_ROOT}/Manifest.lock\" > /dev/null\nif [[ $? != 0 ]] ; then\n    cat << EOM\nerror: The sandbox is not in sync with the Podfile.lock. Run 'pod install' or update your CocoaPods installation.\nEOM\n    exit 1\nfi\n";
			showEnvVarsInLog = 0;
		};
		BCD677577A5D7B0FA0B62D98 /* Embed Pods Frameworks */ = {
			isa = PBXShellScriptBuildPhase;
			buildActionMask = 2147483647;
			files = (
			);
			inputPaths = (
			);
			name = "Embed Pods Frameworks";
			outputPaths = (
			);
			runOnlyForDeploymentPostprocessing = 0;
			shellPath = /bin/sh;
			shellScript = "\"${SRCROOT}/Pods/Target Support Files/Pods/Pods-frameworks.sh\"\n";
			showEnvVarsInLog = 0;
		};
/* End PBXShellScriptBuildPhase section */

/* Begin PBXSourcesBuildPhase section */
		1A0E3B8C1B11047E001EADA8 /* Sources */ = {
			isa = PBXSourcesBuildPhase;
			buildActionMask = 2147483647;
			files = (
				1A0E3BC11B113C15001EADA8 /* MenuController.swift in Sources */,
				1A0E3BBF1B111316001EADA8 /* LocationsTableViewController.swift in Sources */,
				1A0E3B981B11047E001EADA8 /* MainViewController.swift in Sources */,
				1A0E3B961B11047E001EADA8 /* AppDelegate.swift in Sources */,
				1A0E3BBD1B1105F0001EADA8 /* SWRevealViewController.m in Sources */,
			);
			runOnlyForDeploymentPostprocessing = 0;
		};
		1A0E3BA11B11047E001EADA8 /* Sources */ = {
			isa = PBXSourcesBuildPhase;
			buildActionMask = 2147483647;
			files = (
				1A0E3BAC1B11047E001EADA8 /* LCBKnowAppTests.swift in Sources */,
			);
			runOnlyForDeploymentPostprocessing = 0;
		};
/* End PBXSourcesBuildPhase section */

/* Begin PBXTargetDependency section */
		1A0E3BA71B11047E001EADA8 /* PBXTargetDependency */ = {
			isa = PBXTargetDependency;
			target = 1A0E3B8F1B11047E001EADA8 /* LCBKnowApp */;
			targetProxy = 1A0E3BA61B11047E001EADA8 /* PBXContainerItemProxy */;
		};
/* End PBXTargetDependency section */

/* Begin PBXVariantGroup section */
		1A0E3B991B11047E001EADA8 /* Main.storyboard */ = {
			isa = PBXVariantGroup;
			children = (
				1A0E3B9A1B11047E001EADA8 /* Base */,
			);
			name = Main.storyboard;
			sourceTree = "<group>";
		};
		1A0E3B9E1B11047E001EADA8 /* LaunchScreen.xib */ = {
			isa = PBXVariantGroup;
			children = (
				1A0E3B9F1B11047E001EADA8 /* Base */,
			);
			name = LaunchScreen.xib;
			sourceTree = "<group>";
		};
/* End PBXVariantGroup section */

/* Begin XCBuildConfiguration section */
		1A0E3BAD1B11047E001EADA8 /* Debug */ = {
			isa = XCBuildConfiguration;
			buildSettings = {
				ALWAYS_SEARCH_USER_PATHS = NO;
				CLANG_CXX_LANGUAGE_STANDARD = "gnu++0x";
				CLANG_CXX_LIBRARY = "libc++";
				CLANG_ENABLE_MODULES = YES;
				CLANG_ENABLE_OBJC_ARC = YES;
				CLANG_WARN_BOOL_CONVERSION = YES;
				CLANG_WARN_CONSTANT_CONVERSION = YES;
				CLANG_WARN_DIRECT_OBJC_ISA_USAGE = YES_ERROR;
				CLANG_WARN_EMPTY_BODY = YES;
				CLANG_WARN_ENUM_CONVERSION = YES;
				CLANG_WARN_INT_CONVERSION = YES;
				CLANG_WARN_OBJC_ROOT_CLASS = YES_ERROR;
				CLANG_WARN_UNREACHABLE_CODE = YES;
				CLANG_WARN__DUPLICATE_METHOD_MATCH = YES;
				"CODE_SIGN_IDENTITY[sdk=iphoneos*]" = "iPhone Developer";
				COPY_PHASE_STRIP = NO;
				DEBUG_INFORMATION_FORMAT = "dwarf-with-dsym";
				ENABLE_STRICT_OBJC_MSGSEND = YES;
				GCC_C_LANGUAGE_STANDARD = gnu99;
				GCC_DYNAMIC_NO_PIC = NO;
				GCC_NO_COMMON_BLOCKS = YES;
				GCC_OPTIMIZATION_LEVEL = 0;
				GCC_PREPROCESSOR_DEFINITIONS = (
					"DEBUG=1",
					"$(inherited)",
				);
				GCC_SYMBOLS_PRIVATE_EXTERN = NO;
				GCC_WARN_64_TO_32_BIT_CONVERSION = YES;
				GCC_WARN_ABOUT_RETURN_TYPE = YES_ERROR;
				GCC_WARN_UNDECLARED_SELECTOR = YES;
				GCC_WARN_UNINITIALIZED_AUTOS = YES_AGGRESSIVE;
				GCC_WARN_UNUSED_FUNCTION = YES;
				GCC_WARN_UNUSED_VARIABLE = YES;
				IPHONEOS_DEPLOYMENT_TARGET = 8.3;
				MTL_ENABLE_DEBUG_INFO = YES;
				ONLY_ACTIVE_ARCH = YES;
				SDKROOT = iphoneos;
				SWIFT_OPTIMIZATION_LEVEL = "-Onone";
				TARGETED_DEVICE_FAMILY = "1,2";
			};
			name = Debug;
		};
		1A0E3BAE1B11047E001EADA8 /* Release */ = {
			isa = XCBuildConfiguration;
			buildSettings = {
				ALWAYS_SEARCH_USER_PATHS = NO;
				CLANG_CXX_LANGUAGE_STANDARD = "gnu++0x";
				CLANG_CXX_LIBRARY = "libc++";
				CLANG_ENABLE_MODULES = YES;
				CLANG_ENABLE_OBJC_ARC = YES;
				CLANG_WARN_BOOL_CONVERSION = YES;
				CLANG_WARN_CONSTANT_CONVERSION = YES;
				CLANG_WARN_DIRECT_OBJC_ISA_USAGE = YES_ERROR;
				CLANG_WARN_EMPTY_BODY = YES;
				CLANG_WARN_ENUM_CONVERSION = YES;
				CLANG_WARN_INT_CONVERSION = YES;
				CLANG_WARN_OBJC_ROOT_CLASS = YES_ERROR;
				CLANG_WARN_UNREACHABLE_CODE = YES;
				CLANG_WARN__DUPLICATE_METHOD_MATCH = YES;
				"CODE_SIGN_IDENTITY[sdk=iphoneos*]" = "iPhone Developer";
				COPY_PHASE_STRIP = NO;
				DEBUG_INFORMATION_FORMAT = "dwarf-with-dsym";
				ENABLE_NS_ASSERTIONS = NO;
				ENABLE_STRICT_OBJC_MSGSEND = YES;
				GCC_C_LANGUAGE_STANDARD = gnu99;
				GCC_NO_COMMON_BLOCKS = YES;
				GCC_WARN_64_TO_32_BIT_CONVERSION = YES;
				GCC_WARN_ABOUT_RETURN_TYPE = YES_ERROR;
				GCC_WARN_UNDECLARED_SELECTOR = YES;
				GCC_WARN_UNINITIALIZED_AUTOS = YES_AGGRESSIVE;
				GCC_WARN_UNUSED_FUNCTION = YES;
				GCC_WARN_UNUSED_VARIABLE = YES;
				IPHONEOS_DEPLOYMENT_TARGET = 8.3;
				MTL_ENABLE_DEBUG_INFO = NO;
				SDKROOT = iphoneos;
				TARGETED_DEVICE_FAMILY = "1,2";
				VALIDATE_PRODUCT = YES;
			};
			name = Release;
		};
		1A0E3BB01B11047E001EADA8 /* Debug */ = {
			isa = XCBuildConfiguration;
			baseConfigurationReference = 7621E8C3341F50220DAE0DE5 /* Pods.debug.xcconfig */;
			buildSettings = {
				ASSETCATALOG_COMPILER_APPICON_NAME = AppIcon;
				CLANG_ENABLE_MODULES = YES;
				INFOPLIST_FILE = LCBKnowApp/Info.plist;
				LD_RUNPATH_SEARCH_PATHS = "$(inherited) @executable_path/Frameworks";
				PRODUCT_NAME = "$(TARGET_NAME)";
				SWIFT_OBJC_BRIDGING_HEADER = "LCBKnowApp/LCBKnowApp-Bridging-Header.h";
				SWIFT_OPTIMIZATION_LEVEL = "-Onone";
			};
			name = Debug;
		};
		1A0E3BB11B11047E001EADA8 /* Release */ = {
			isa = XCBuildConfiguration;
			baseConfigurationReference = 867CC4B56D643725126930E2 /* Pods.release.xcconfig */;
			buildSettings = {
				ASSETCATALOG_COMPILER_APPICON_NAME = AppIcon;
				CLANG_ENABLE_MODULES = YES;
				INFOPLIST_FILE = LCBKnowApp/Info.plist;
				LD_RUNPATH_SEARCH_PATHS = "$(inherited) @executable_path/Frameworks";
				PRODUCT_NAME = "$(TARGET_NAME)";
				SWIFT_OBJC_BRIDGING_HEADER = "LCBKnowApp/LCBKnowApp-Bridging-Header.h";
			};
			name = Release;
		};
		1A0E3BB31B11047E001EADA8 /* Debug */ = {
			isa = XCBuildConfiguration;
			buildSettings = {
				BUNDLE_LOADER = "$(TEST_HOST)";
				FRAMEWORK_SEARCH_PATHS = (
					"$(SDKROOT)/Developer/Library/Frameworks",
					"$(inherited)",
				);
				GCC_PREPROCESSOR_DEFINITIONS = (
					"DEBUG=1",
					"$(inherited)",
				);
				INFOPLIST_FILE = LCBKnowAppTests/Info.plist;
				LD_RUNPATH_SEARCH_PATHS = "$(inherited) @executable_path/Frameworks @loader_path/Frameworks";
				PRODUCT_NAME = "$(TARGET_NAME)";
				TEST_HOST = "$(BUILT_PRODUCTS_DIR)/LCBKnowApp.app/LCBKnowApp";
			};
			name = Debug;
		};
		1A0E3BB41B11047E001EADA8 /* Release */ = {
			isa = XCBuildConfiguration;
			buildSettings = {
				BUNDLE_LOADER = "$(TEST_HOST)";
				FRAMEWORK_SEARCH_PATHS = (
					"$(SDKROOT)/Developer/Library/Frameworks",
					"$(inherited)",
				);
				INFOPLIST_FILE = LCBKnowAppTests/Info.plist;
				LD_RUNPATH_SEARCH_PATHS = "$(inherited) @executable_path/Frameworks @loader_path/Frameworks";
				PRODUCT_NAME = "$(TARGET_NAME)";
				TEST_HOST = "$(BUILT_PRODUCTS_DIR)/LCBKnowApp.app/LCBKnowApp";
			};
			name = Release;
		};
/* End XCBuildConfiguration section */

/* Begin XCConfigurationList section */
		1A0E3B8B1B11047E001EADA8 /* Build configuration list for PBXProject "LCBKnowApp" */ = {
			isa = XCConfigurationList;
			buildConfigurations = (
				1A0E3BAD1B11047E001EADA8 /* Debug */,
				1A0E3BAE1B11047E001EADA8 /* Release */,
			);
			defaultConfigurationIsVisible = 0;
			defaultConfigurationName = Release;
		};
		1A0E3BAF1B11047E001EADA8 /* Build configuration list for PBXNativeTarget "LCBKnowApp" */ = {
			isa = XCConfigurationList;
			buildConfigurations = (
				1A0E3BB01B11047E001EADA8 /* Debug */,
				1A0E3BB11B11047E001EADA8 /* Release */,
			);
			defaultConfigurationIsVisible = 0;
			defaultConfigurationName = Release;
		};
		1A0E3BB21B11047E001EADA8 /* Build configuration list for PBXNativeTarget "LCBKnowAppTests" */ = {
			isa = XCConfigurationList;
			buildConfigurations = (
				1A0E3BB31B11047E001EADA8 /* Debug */,
				1A0E3BB41B11047E001EADA8 /* Release */,
			);
			defaultConfigurationIsVisible = 0;
			defaultConfigurationName = Release;
		};
/* End XCConfigurationList section */
	};
	rootObject = 1A0E3B881B11047E001EADA8 /* Project object */;
}
